
Microsoft Visual Studio Solution File, Format Version 12.00
# Visual Studio Version 18
VisualStudioVersion = 18.6.11723.189 insiders
MinimumVisualStudioVersion = 10.0.40219.1
Project("{FAE04EC0-301F-11D3-BF4B-00C04F79EFBC}") = "EcommerceApi", "EcommerceApi.csproj", "{6F3B6D0C-09A6-437B-81D1-96C238307045}"
EndProject
Project("{FAE04EC0-301F-11D3-BF4B-00C04F79EFBC}") = "EcommerceFrontend", "EcommerceFrontend\EcommerceFrontend.csproj", "{D6D8C855-8166-464D-B16E-A0CC2A5EBA63}"
EndProject
Global
	GlobalSection(SolutionConfigurationPlatforms) = preSolution
		Debug|Any CPU = Debug|Any CPU
		Release|Any CPU = Release|Any CPU
	EndGlobalSection
	GlobalSection(ProjectConfigurationPlatforms) = postSolution
		{6F3B6D0C-09A6-437B-81D1-96C238307045}.Debug|Any CPU.ActiveCfg = Debug|Any CPU
		{6F3B6D0C-09A6-437B-81D1-96C238307045}.Debug|Any CPU.Build.0 = Debug|Any CPU
		{6F3B6D0C-09A6-437B-81D1-96C238307045}.Release|Any CPU.ActiveCfg = Release|Any CPU
		{6F3B6D0C-09A6-437B-81D1-96C238307045}.Release|Any CPU.Build.0 = Release|Any CPU
		{D6D8C855-8166-464D-B16E-A0CC2A5EBA63}.Debug|Any CPU.ActiveCfg = Debug|Any CPU
		{D6D8C855-8166-464D-B16E-A0CC2A5EBA63}.Debug|Any CPU.Build.0 = Debug|Any CPU
		{D6D8C855-8166-464D-B16E-A0CC2A5EBA63}.Release|Any CPU.ActiveCfg = Release|Any CPU
		{D6D8C855-8166-464D-B16E-A0CC2A5EBA63}.Release|Any CPU.Build.0 = Release|Any CPU
	EndGlobalSection
	GlobalSection(SolutionProperties) = preSolution
		HideSolutionNode = FALSE
	EndGlobalSection
	GlobalSection(ExtensibilityGlobals) = postSolution
		SolutionGuid = {335D148A-553C-4A87-9248-0746D0C48435}
	EndGlobalSection
EndGlobal
